# This file is autogenerated, do not edit; changes may be undone by the next 'dep ensure'.


[[projects]]
  branch = "master"
  name = "github.com/GoASTScanner/gas"
  packages = [".","core","output","rules"]
  revision = "6de76c92610b387855cdfdd53c99b149928916f7"

[[projects]]
  branch = "parse-constraints-with-dash-in-pre"
  name = "github.com/Masterminds/semver"
  packages = ["."]
  revision = "a93e51b5a57ef416dac8bb02d11407b6f55d8929"
  source = "https://github.com/carolynvs/semver.git"

[[projects]]
  name = "github.com/Masterminds/vcs"
  packages = ["."]
  revision = "6f1c6d150500e452704e9863f68c2559f58616bf"
  version = "v1.12.0"

[[projects]]
  name = "github.com/Sirupsen/logrus"
  packages = ["."]
  revision = "d26492970760ca5d33129d2d799e34be5c4782eb"
  version = "v0.11.0"

[[projects]]
  branch = "master"
  name = "github.com/armon/go-radix"
  packages = ["."]
  revision = "1fca145dffbcaa8fe914309b1ec0cfc67500fe61"

[[projects]]
  name = "github.com/boltdb/bolt"
  packages = ["."]
  revision = "2f1ce7a837dcb8da3ec595b1dac9d0632f0f99e8"
  version = "v1.3.1"

[[projects]]
  name = "github.com/coreos/go-systemd"
  packages = ["daemon"]
  revision = "24036eb3df68550d24a2736c5d013f4e83366866"

[[projects]]
  name = "github.com/davecgh/go-spew"
  packages = ["spew"]
  revision = "346938d642f2ec3594ed81d874461961cd0faa76"
  version = "v1.1.0"

[[projects]]
  branch = "master"
  name = "github.com/davecgh/go-xdr"
  packages = ["xdr2"]
  revision = "e6a2ba005892b6a5b27cb5352f64c2e96942dd28"

[[projects]]
  name = "github.com/docker/docker"
  packages = ["pkg/ioutils","pkg/longpath","pkg/progress"]
  revision = "092cba3727bb9b4a2f0e922cd6c0f93ea270e363"
  version = "v1.13.1"

[[projects]]
  name = "github.com/docker/go-units"
  packages = ["."]
  revision = "0dadbb0345b35ec7ef35e228dabb8de89a65bf52"
  version = "v0.3.2"

[[projects]]
  name = "github.com/dustin/go-humanize"
  packages = ["."]
  revision = "259d2a102b871d17f30e3cd9881a642961a1e486"

[[projects]]
  name = "github.com/gizak/termui"
  packages = ["."]
  revision = "798ffb9cbbe4073ef1f88e6069ca4a2c6aa6676b"

[[projects]]
  branch = "v2"
  name = "github.com/go-yaml/yaml"
  packages = ["."]
  revision = "eb3733d160e74a9c7e442f435eb3bea458e1d19f"

[[projects]]
  name = "github.com/golang/dep"
  packages = [".","internal/fs","internal/gps","internal/gps/internal/pb","internal/gps/paths","internal/gps/pkgtree"]
  revision = "8ddfc8afb2d520d41997ebddd921b52152706c01"
  version = "v0.3.2"

[[projects]]
  branch = "master"
  name = "github.com/golang/protobuf"
  packages = ["proto"]
  revision = "1643683e1b54a9e88ad26d98f81400c8c9d9f4f9"

[[projects]]
  name = "github.com/google/uuid"
  packages = ["."]
  revision = "064e2069ce9c359c118179501254f67d7d37ba24"
  version = "0.2"

[[projects]]
  name = "github.com/gorilla/websocket"
  packages = ["."]
  revision = "a91eba7f97777409bc2c443f5534d41dd20c5720"

[[projects]]
  name = "github.com/jmank88/nuts"
  packages = ["."]
  revision = "a1e02c788669d022c325a8ee674f15360d7104f4"
  version = "v0.2.0"

[[projects]]
  branch = "master"
  name = "github.com/kr/pretty"
  packages = ["."]
  revision = "cfb55aafdaf3ec08f0db22699ab822c50091b1c4"

[[projects]]
  branch = "master"
  name = "github.com/kr/text"
  packages = ["."]
  revision = "7cafcd837844e784b526369c9bce262804aebc60"

[[projects]]
  name = "github.com/maruel/panicparse"
  packages = ["stack"]
  revision = "25bcac0d793cf4109483505a0d66e066a3a90a80"

[[projects]]
  name = "github.com/mattn/go-runewidth"
  packages = ["."]
  revision = "14207d285c6c197daabb5c9793d63e7af9ab2d50"

[[projects]]
  branch = "master"
  name = "github.com/mitchellh/go-wordwrap"
  packages = ["."]
  revision = "ad45545899c7b13c020ea92b2072220eefad42b8"

[[projects]]
  name = "github.com/nbutton23/zxcvbn-go"
  packages = [".","adjacency","data","entropy","frequency","match","matching","scoring","utils/math"]
  revision = "eafdab6b0663b4b528c35975c8b0e78be6e25261"
  version = "v0.1"

[[projects]]
  branch = "master"
  name = "github.com/nightlyone/lockfile"
  packages = ["."]
  revision = "6a197d5ea61168f2ac821de2b7f011b250904900"

[[projects]]
  name = "github.com/nsf/termbox-go"
  packages = ["."]
  revision = "91bae1bb5fa9ee504905ecbe7043fa30e92feaa3"

[[projects]]
  branch = "master"
  name = "github.com/pelletier/go-toml"
  packages = ["."]
  revision = "4e9e0ee19b60b13eb79915933f44d8ed5f268bdd"

[[projects]]
  name = "github.com/pkg/errors"
  packages = ["."]
  revision = "645ef00459ed84a119197bfb8d8205042c6df63d"
  version = "v0.8.0"

[[projects]]
  name = "github.com/pmezard/go-difflib"
  packages = ["difflib"]
  revision = "792786c7400a136282c1664665ae0a8db921c6c2"
  version = "v1.0.0"

[[projects]]
  name = "github.com/ryanuber/go-glob"
  packages = ["."]
  revision = "572520ed46dbddaed19ea3d9541bdd0494163693"
  version = "v0.1"

[[projects]]
  branch = "master"
  name = "github.com/sdboyer/constext"
  packages = ["."]
  revision = "836a144573533ea4da4e6929c235fd348aed1c80"

[[projects]]
  name = "github.com/spf13/pflag"
  packages = ["."]
  revision = "e57e3eeb33f795204c1ca35f56c44f83227c6e66"
  version = "v1.0.0"

[[projects]]
  name = "github.com/stretchr/testify"
  packages = ["assert"]
  revision = "69483b4bd14f5845b5a1e55bca19e954e827f1d0"
  version = "v1.1.4"

[[projects]]
  branch = "master"
  name = "github.com/vmware/govmomi"
  packages = [".","find","govc/cli","govc/flags","govc/host/esxcli","internal","license","list","nfc","object","ovf","property","session","task","toolbox","toolbox/hgfs","toolbox/vix","vim25","vim25/debug","vim25/methods","vim25/mo","vim25/progress","vim25/soap","vim25/types","vim25/xml"]
  revision = "3619c1d9adde46bd8f0c0ac02de1316caec90cdb"

[[projects]]
  branch = "master"
  name = "github.com/vmware/vic"
  packages = ["cmd/vic-machine/common","lib/config","lib/config/dynamic","lib/config/executor","lib/constants","lib/install/data","lib/install/validate","lib/migration/feature","pkg/certificate","pkg/errors","pkg/fetcher","pkg/flags","pkg/ip","pkg/log","pkg/log/syslog","pkg/registry","pkg/trace","pkg/version","pkg/vsphere/datastore","pkg/vsphere/extraconfig","pkg/vsphere/extraconfig/vmomi","pkg/vsphere/guest","pkg/vsphere/optmanager","pkg/vsphere/session","pkg/vsphere/tags","pkg/vsphere/tasks","pkg/vsphere/test/env","pkg/vsphere/vm"]
  revision = "a3d7a5ff74a3c34695daf848a189ea0994ca68df"

[[projects]]
  name = "github.com/vmware/vmw-guestinfo"
  packages = ["bdoor","message","rpcout","rpcvmx","vmcheck"]
  revision = "0b8dbcdd226303bf776dcac49c2d5f3b8a8190fd"

[[projects]]
  branch = "master"
  name = "golang.org/x/crypto"
  packages = ["nacl/secretbox","poly1305","salsa20/salsa","ssh/terminal"]
  revision = "bd6f299fb381e4c3393d1c4b1f0b94f5e77650c8"

[[projects]]
  name = "golang.org/x/net"
  packages = ["context","context/ctxhttp"]
  revision = "a6577fac2d73be281a500b310739095313165611"

[[projects]]
  branch = "master"
  name = "golang.org/x/sync"
  packages = ["errgroup"]
  revision = "fd80eb99c8f653c847d294a001bdf2a3a6f768f5"

[[projects]]
  name = "golang.org/x/sys"
  packages = ["unix","windows"]
  revision = "99f16d856c9836c42d24e7ab64ea72916925fa97"

[[projects]]
  branch = "master"
  name = "golang.org/x/time"
  packages = ["rate"]
  revision = "6dc17368e09b0e8634d71cac8168d853e869a0c7"

[[projects]]
  name = "gopkg.in/urfave/cli.v1"
  packages = ["."]
  revision = "0bdeddeeb0f650497d603c4ad7b20cfe685682f6"
  version = "v1.19.1"

[solve-meta]
  analyzer-name = "dep"
  analyzer-version = 1
  inputs-digest = "09d3a0b11b2e61ab13f81f62353f073844c10e08cc2dbfe4eae8c358d791b187"
  solver-name = "gps-cdcl"
  solver-version = 1
